
Microsoft Visual Studio Solution File, Format Version 12.00
# Visual Studio Version 16
VisualStudioVersion = 16.0.29926.136
MinimumVisualStudioVersion = 10.0.40219.1
Project("{FAE04EC0-301F-11D3-BF4B-00C04F79EFBC}") = "DataImporter", "DataImporter.csproj", "{631759C1-FE41-41CB-96FD-7434F79E6D4F}"
EndProject
Global
	GlobalSection(SolutionConfigurationPlatforms) = preSolution
		Debug|Any CPU = Debug|Any CPU
		Release|Any CPU = Release|Any CPU
	EndGlobalSection
	GlobalSection(ProjectConfigurationPlatforms) = postSolution
		{631759C1-FE41-41CB-96FD-7434F79E6D4F}.Debug|Any CPU.ActiveCfg = Debug|Any CPU
		{631759C1-FE41-41CB-96FD-7434F79E6D4F}.Debug|Any CPU.Build.0 = Debug|Any CPU
		{631759C1-FE41-41CB-96FD-7434F79E6D4F}.Release|Any CPU.ActiveCfg = Release|Any CPU
		{631759C1-FE41-41CB-96FD-7434F79E6D4F}.Release|Any CPU.Build.0 = Release|Any CPU
	EndGlobalSection
	GlobalSection(SolutionProperties) = preSolution
		HideSolutionNode = FALSE
	EndGlobalSection
	GlobalSection(ExtensibilityGlobals) = postSolution
		SolutionGuid = {0C0151A7-2113-48C2-AEEA-96013649919E}
	EndGlobalSection
EndGlobal
